
Microsoft Visual Studio Solution File, Format Version 12.00
# Visual Studio Version 16
VisualStudioVersion = 16.0.31613.86
MinimumVisualStudioVersion = 10.0.40219.1
Project("{9A19103F-16F7-4668-BE54-9A1E7A4F7556}") = "Dueling_sim", "Dueling_sim.csproj", "{6098FA84-1887-4777-9CE9-7396FE504377}"
EndProject
Project("{FAE04EC0-301F-11D3-BF4B-00C04F79EFBC}") = "Dueling_SimulatorV2_Console", "..\Dueling_SimulatorV2_Console\Dueling_SimulatorV2_Console.csproj", "{D468D976-2C0F-4973-95CE-029CF69657B2}"
EndProject
Global
	GlobalSection(SolutionConfigurationPlatforms) = preSolution
		Debug|Any CPU = Debug|Any CPU
		Release|Any CPU = Release|Any CPU
	EndGlobalSection
	GlobalSection(ProjectConfigurationPlatforms) = postSolution
		{6098FA84-1887-4777-9CE9-7396FE504377}.Debug|Any CPU.ActiveCfg = Debug|Any CPU
		{6098FA84-1887-4777-9CE9-7396FE504377}.Debug|Any CPU.Build.0 = Debug|Any CPU
		{6098FA84-1887-4777-9CE9-7396FE504377}.Release|Any CPU.ActiveCfg = Release|Any CPU
		{6098FA84-1887-4777-9CE9-7396FE504377}.Release|Any CPU.Build.0 = Release|Any CPU
		{D468D976-2C0F-4973-95CE-029CF69657B2}.Debug|Any CPU.ActiveCfg = Debug|Any CPU
		{D468D976-2C0F-4973-95CE-029CF69657B2}.Debug|Any CPU.Build.0 = Debug|Any CPU
		{D468D976-2C0F-4973-95CE-029CF69657B2}.Release|Any CPU.ActiveCfg = Release|Any CPU
		{D468D976-2C0F-4973-95CE-029CF69657B2}.Release|Any CPU.Build.0 = Release|Any CPU
	EndGlobalSection
	GlobalSection(SolutionProperties) = preSolution
		HideSolutionNode = FALSE
	EndGlobalSection
	GlobalSection(ExtensibilityGlobals) = postSolution
		SolutionGuid = {A3595E60-498D-4291-B839-02A99B210ACB}
	EndGlobalSection
EndGlobal
